{
  "name": "api",
  "version": "1.0.0",
  "lockfileVersion": 3,
  "requires": true,
  "packages": {
    "": {
      "name": "api",
      "version": "1.0.0",
      "dependencies": {
        "@cacheable/node-cache": "3.1.1"
      },
      "devDependencies": {}
    },
    "node_modules/@cacheable/node-cache": {
      "version": "3.1.1",
      "resolved": "https://registry.npmjs.org/@cacheable/node-cache/-/node-cache-3.1.1.tgz",
      "integrity": "sha512-AFW2fw+Z0oupVmhQ0GKZc6v8UasaWrQ7ptOZv7e7avPCos62F2myeucdBbO8riBiCXx4TYfb+sv3hwXbaOwAqA==",
      "license": "MIT",
      "dependencies": {
        "@cacheable/utils": "^2.5.0",
        "hookified": "^2.1.0",
        "keyv": "^5.6.0"
      },
      "engines": {
        "node": ">=22"
      }
    },
    "node_modules/@cacheable/utils": {
      "version": "2.5.0",
      "resolved": "https://registry.npmjs.org/@cacheable/utils/-/utils-2.5.0.tgz",
      "integrity": "sha512-buipgOVDkkPXNR5+xBpDw7Zk2n1EvU7qBJCNUcL7rhQ//kfpOXPAvQ511Os0vpLYJ1pZnvudNytkQt2hst3wqA==",
      "license": "MIT",
      "dependencies": {
        "hashery": "^1.5.1",
        "keyv": "^5.6.0"
      }
    },
    "node_modules/@keyv/serialize": {
      "version": "1.1.1",
      "resolved": "https://registry.npmjs.org/@keyv/serialize/-/serialize-1.1.1.tgz",
      "integrity": "sha512-dXn3FZhPv0US+7dtJsIi2R+c7qWYiReoEh5zUntWCf4oSpMNib8FDhSoed6m3QyZdx5hK7iLFkYk3rNxwt8vTA==",
      "license": "MIT"
    },
    "node_modules/hashery": {
      "version": "1.5.1",
      "resolved": "https://registry.npmjs.org/hashery/-/hashery-1.5.1.tgz",
      "integrity": "sha512-iZyKG96/JwPz1N55vj2Ie2vXbhu440zfUfJvSwEqEbeLluk7NnapfGqa7LH0mOsnDxTF85Mx8/dyR6HfqcbmbQ==",
      "license": "MIT",
      "dependencies": {
        "hookified": "^1.15.0"
      },
      "engines": {
        "node": ">=20"
      }
    },
    "node_modules/hashery/node_modules/hookified": {
      "version": "1.15.1",
      "resolved": "https://registry.npmjs.org/hookified/-/hookified-1.15.1.tgz",
      "integrity": "sha512-MvG/clsADq1GPM2KGo2nyfaWVyn9naPiXrqIe4jYjXNZQt238kWyOGrsyc/DmRAQ+Re6yeo6yX/yoNCG5KAEVg==",
      "license": "MIT"
    },
    "node_modules/hookified": {
      "version": "2.2.0",
      "resolved": "https://registry.npmjs.org/hookified/-/hookified-2.2.0.tgz",
      "integrity": "sha512-p/LgFzRN5FeoD3DLS6bkUapeye6E4SI6yJs6KetENd18S+FBthqYq2amJUWpt5z0EQwwHemidjY5OqJGEKm5uA==",
      "license": "MIT"
    },
    "node_modules/keyv": {
      "version": "5.6.0",
      "resolved": "https://registry.npmjs.org/keyv/-/keyv-5.6.0.tgz",
      "integrity": "sha512-CYDD3SOtsHtyXeEORYRx2qBtpDJFjRTGXUtmNEMGyzYOKj1TE3tycdlho7kA1Ufx9OYWZzg52QFBGALTirzDSw==",
      "license": "MIT",
      "dependencies": {
        "@keyv/serialize": "^1.1.1"
      }
    }
  }
}
